github.com/ebitengine/purego v0.7.1 h1:6/55d26lG3o9VCZX8lping+bZcmShseiqlh2bnUDiPA=
github.com/ebitengine/purego v0.7.1/go.mod h1:ah1In8AOtksoNK6yk5z1HTJeUkC1Ez4Wk2idgGslMwQ=
github.com/lucasb-eyer/go-colorful v1.2.0 h1:1nnpGOrhyZZuNyfu1QjKiUICQ74+3FNCN69Aj6K7nkY=
github.com/lucasb-eyer/go-colorful v1.2.0/go.mod h1:R4dSotOR9KMtayYi1e77YzuveK+i7ruzyGqttikkLy0=
github.com/nexryai/apng v0.0.3 h1:C2dcE1L+3FhRyjOnZQveCoiHvIagabesJUpBqZGbw6E=
github.com/nexryai/apng v0.0.3/go.mod h1:AYSOoTIs+2cJPM6qxPvetUwZpNdQLfM9YN9EPL6puW0=
github.com/nexryai/apng v0.0.4 h1:vj9S3p6nrW0mFocAhalRpT1o2pFJOvwIXEBTAKFZ2bM=
github.com/nexryai/apng v0.0.4/go.mod h1:AYSOoTIs+2cJPM6qxPvetUwZpNdQLfM9YN9EPL6puW0=
github.com/nexryai/goavif v0.0.0-20240706102244-654f5b55d678 h1:yNd2JkfIsICDwYxbEvJpXReuekmTyrB7HInBXNMWTs8=
github.com/nexryai/goavif v0.0.0-20240706102244-654f5b55d678/go.mod h1:9Cd2spT3eqs4vBs/UYpSZrTujUyFdaJmvTzJOuV2TgM=
golang.org/x/image v0.17.0 h1:nTRVVdajgB8zCMZVsViyzhnMKPwYeroEERRC64JuLco=
golang.org/x/image v0.17.0/go.mod h1:4yyo5vMFQjVjUcVk4jEQcU9MGy/rulF5WvUILseCM2E=
golang.org/x/image v0.18.0 h1:jGzIakQa/ZXI1I0Fxvaa9W7yP25TqT6cHIHn+6CqvSQ=
golang.org/x/image v0.18.0/go.mod h1:4yyo5vMFQjVjUcVk4jEQcU9MGy/rulF5WvUILseCM2E=
golang.org/x/sys v0.21.0 h1:rF+pYz3DAGSQAxAu1CbC7catZg4ebC4UIeIhKxBZvws=
golang.org/x/sys v0.21.0/go.mod h1:/VUhepiaJMQUp4+oa/7Zr1D23ma6VTLIYjOOTFZPUcA=
